
Microsoft Visual Studio Solution File, Format Version 12.00
# Visual Studio Version 17
VisualStudioVersion = 17.13.35919.96 d17.13
MinimumVisualStudioVersion = 10.0.40219.1
Project("{F14B399A-7131-4C87-9E4B-1186C45EF12D}") = "Assignment2_04_SQLReports", "Assignment2_04_SQLReports\Assignment2_04_SQLReports.rptproj", "{38635CAA-A9CE-82A0-7E42-8FB2FE50C9FF}"
EndProject
Global
	GlobalSection(SolutionConfigurationPlatforms) = preSolution
		Debug|Default = Debug|Default
		DebugLocal|Default = DebugLocal|Default
		Release|Default = Release|Default
	EndGlobalSection
	GlobalSection(ProjectConfigurationPlatforms) = postSolution
		{38635CAA-A9CE-82A0-7E42-8FB2FE50C9FF}.Debug|Default.ActiveCfg = Debug
		{38635CAA-A9CE-82A0-7E42-8FB2FE50C9FF}.Debug|Default.Build.0 = Debug
		{38635CAA-A9CE-82A0-7E42-8FB2FE50C9FF}.Debug|Default.Deploy.0 = Debug
		{38635CAA-A9CE-82A0-7E42-8FB2FE50C9FF}.DebugLocal|Default.ActiveCfg = DebugLocal
		{38635CAA-A9CE-82A0-7E42-8FB2FE50C9FF}.DebugLocal|Default.Build.0 = DebugLocal
		{38635CAA-A9CE-82A0-7E42-8FB2FE50C9FF}.Release|Default.ActiveCfg = Release
		{38635CAA-A9CE-82A0-7E42-8FB2FE50C9FF}.Release|Default.Build.0 = Release
		{38635CAA-A9CE-82A0-7E42-8FB2FE50C9FF}.Release|Default.Deploy.0 = Release
	EndGlobalSection
	GlobalSection(SolutionProperties) = preSolution
		HideSolutionNode = FALSE
	EndGlobalSection
	GlobalSection(ExtensibilityGlobals) = postSolution
		SolutionGuid = {E851589D-AAA0-4C82-BA03-16B2620272C6}
	EndGlobalSection
EndGlobal
